
Microsoft Visual Studio Solution File, Format Version 12.00
# Visual Studio 14
VisualStudioVersion = 14.0.25420.1
MinimumVisualStudioVersion = 10.0.40219.1
Project("{2150E333-8FDC-42A3-9474-1A3956D46DE8}") = "BLL", "BLL", "{35F43A95-AF67-4804-8154-F39A6401E54B}"
EndProject
Project("{FAE04EC0-301F-11D3-BF4B-00C04F79EFBC}") = "Entidades", "Entidades\Entidades.csproj", "{B59619F3-70E1-4B11-B454-46AA8CD6FC18}"
EndProject
Project("{2150E333-8FDC-42A3-9474-1A3956D46DE8}") = "DAL", "DAL", "{7CA586F0-A7EE-43A3-8745-4BD96AA4CFB4}"
EndProject
Project("{2150E333-8FDC-42A3-9474-1A3956D46DE8}") = "APP", "APP", "{E5D414FF-1D83-44D4-8233-EAE52CF4788C}"
EndProject
Project("{2150E333-8FDC-42A3-9474-1A3956D46DE8}") = "SERVICIOS", "SERVICIOS", "{D22FB6BC-BED3-47E0-9467-442F306AB935}"
EndProject
Project("{FAE04EC0-301F-11D3-BF4B-00C04F79EFBC}") = "Gestoras", "Gestoras\Gestoras.csproj", "{3EAAB754-9F63-4778-9D58-F410DA32F5FB}"
EndProject
Project("{2150E333-8FDC-42A3-9474-1A3956D46DE8}") = "INTERFACES", "INTERFACES", "{C2BF205F-FBE6-4B99-A7BB-94FB45CE8C37}"
EndProject
Project("{FAE04EC0-301F-11D3-BF4B-00C04F79EFBC}") = "FabricaMappers", "FabricaMappers\FabricaMappers.csproj", "{80F737EA-2199-4E6B-817E-BE7F681A8CCA}"
EndProject
Project("{FAE04EC0-301F-11D3-BF4B-00C04F79EFBC}") = "Interfaces", "Interfaces\Interfaces.csproj", "{3DB3A4A4-A530-4EAE-AE19-64045929A22F}"
EndProject
Project("{FAE04EC0-301F-11D3-BF4B-00C04F79EFBC}") = "DAL", "DAL\DAL.csproj", "{9CCC0E45-C213-43B4-ADBE-0AFB67092657}"
EndProject
Project("{F184B08F-C81C-45F6-A57F-5ABD9991F28F}") = "UI", "UI\UI.vbproj", "{98A163C3-4369-4184-8FDA-4FE0EDE00A44}"
EndProject
Global
	GlobalSection(SolutionConfigurationPlatforms) = preSolution
		Debug|Any CPU = Debug|Any CPU
		Release|Any CPU = Release|Any CPU
	EndGlobalSection
	GlobalSection(ProjectConfigurationPlatforms) = postSolution
		{B59619F3-70E1-4B11-B454-46AA8CD6FC18}.Debug|Any CPU.ActiveCfg = Debug|Any CPU
		{B59619F3-70E1-4B11-B454-46AA8CD6FC18}.Debug|Any CPU.Build.0 = Debug|Any CPU
		{B59619F3-70E1-4B11-B454-46AA8CD6FC18}.Release|Any CPU.ActiveCfg = Release|Any CPU
		{B59619F3-70E1-4B11-B454-46AA8CD6FC18}.Release|Any CPU.Build.0 = Release|Any CPU
		{3EAAB754-9F63-4778-9D58-F410DA32F5FB}.Debug|Any CPU.ActiveCfg = Debug|Any CPU
		{3EAAB754-9F63-4778-9D58-F410DA32F5FB}.Debug|Any CPU.Build.0 = Debug|Any CPU
		{3EAAB754-9F63-4778-9D58-F410DA32F5FB}.Release|Any CPU.ActiveCfg = Release|Any CPU
		{3EAAB754-9F63-4778-9D58-F410DA32F5FB}.Release|Any CPU.Build.0 = Release|Any CPU
		{80F737EA-2199-4E6B-817E-BE7F681A8CCA}.Debug|Any CPU.ActiveCfg = Debug|Any CPU
		{80F737EA-2199-4E6B-817E-BE7F681A8CCA}.Debug|Any CPU.Build.0 = Debug|Any CPU
		{80F737EA-2199-4E6B-817E-BE7F681A8CCA}.Release|Any CPU.ActiveCfg = Release|Any CPU
		{80F737EA-2199-4E6B-817E-BE7F681A8CCA}.Release|Any CPU.Build.0 = Release|Any CPU
		{3DB3A4A4-A530-4EAE-AE19-64045929A22F}.Debug|Any CPU.ActiveCfg = Debug|Any CPU
		{3DB3A4A4-A530-4EAE-AE19-64045929A22F}.Debug|Any CPU.Build.0 = Debug|Any CPU
		{3DB3A4A4-A530-4EAE-AE19-64045929A22F}.Release|Any CPU.ActiveCfg = Release|Any CPU
		{3DB3A4A4-A530-4EAE-AE19-64045929A22F}.Release|Any CPU.Build.0 = Release|Any CPU
		{9CCC0E45-C213-43B4-ADBE-0AFB67092657}.Debug|Any CPU.ActiveCfg = Debug|Any CPU
		{9CCC0E45-C213-43B4-ADBE-0AFB67092657}.Debug|Any CPU.Build.0 = Debug|Any CPU
		{9CCC0E45-C213-43B4-ADBE-0AFB67092657}.Release|Any CPU.ActiveCfg = Release|Any CPU
		{9CCC0E45-C213-43B4-ADBE-0AFB67092657}.Release|Any CPU.Build.0 = Release|Any CPU
		{98A163C3-4369-4184-8FDA-4FE0EDE00A44}.Debug|Any CPU.ActiveCfg = Debug|Any CPU
		{98A163C3-4369-4184-8FDA-4FE0EDE00A44}.Debug|Any CPU.Build.0 = Debug|Any CPU
		{98A163C3-4369-4184-8FDA-4FE0EDE00A44}.Release|Any CPU.ActiveCfg = Release|Any CPU
		{98A163C3-4369-4184-8FDA-4FE0EDE00A44}.Release|Any CPU.Build.0 = Release|Any CPU
	EndGlobalSection
	GlobalSection(SolutionProperties) = preSolution
		HideSolutionNode = FALSE
	EndGlobalSection
	GlobalSection(NestedProjects) = preSolution
		{B59619F3-70E1-4B11-B454-46AA8CD6FC18} = {35F43A95-AF67-4804-8154-F39A6401E54B}
		{3EAAB754-9F63-4778-9D58-F410DA32F5FB} = {D22FB6BC-BED3-47E0-9467-442F306AB935}
		{80F737EA-2199-4E6B-817E-BE7F681A8CCA} = {D22FB6BC-BED3-47E0-9467-442F306AB935}
		{3DB3A4A4-A530-4EAE-AE19-64045929A22F} = {C2BF205F-FBE6-4B99-A7BB-94FB45CE8C37}
		{9CCC0E45-C213-43B4-ADBE-0AFB67092657} = {7CA586F0-A7EE-43A3-8745-4BD96AA4CFB4}
		{98A163C3-4369-4184-8FDA-4FE0EDE00A44} = {E5D414FF-1D83-44D4-8233-EAE52CF4788C}
	EndGlobalSection
EndGlobal
